
Microsoft Visual Studio Solution File, Format Version 12.00
# Visual Studio Version 17
VisualStudioVersion = 17.13.35806.99 d17.13
MinimumVisualStudioVersion = 10.0.40219.1
Project("{FAE04EC0-301F-11D3-BF4B-00C04F79EFBC}") = "WFA-VendingMachineProject", "WFA-VendingMachineProject.csproj", "{37EDBDAB-222A-4219-9E43-AA913D4B03FF}"
EndProject
Project("{2150E333-8FDC-42A3-9474-1A3956D46DE8}") = "Solution Items", "Solution Items", "{8EC462FD-D22E-90A8-E5CE-7E832BA40C5D}"
	ProjectSection(SolutionItems) = preProject
		Resources\Cents_50_act.jpg = Resources\Cents_50_act.jpg
		Resources\Cents_50_dis.jpg = Resources\Cents_50_dis.jpg
		Resources\Coca_Cola_act.jpg = Resources\Coca_Cola_act.jpg
		Resources\Coca_Cola_dis.jpg = Resources\Coca_Cola_dis.jpg
		Resources\Coins_taking.jpg = Resources\Coins_taking.jpg
		Resources\Euro_1_act.jpg = Resources\Euro_1_act.jpg
		Resources\Euro_1_dis.jpg = Resources\Euro_1_dis.jpg
		Resources\Euro_2_act.jpg = Resources\Euro_2_act.jpg
		Resources\Euro_2_dis.jpg = Resources\Euro_2_dis.jpg
		Resources\Fanta_Lemon_act.jpg = Resources\Fanta_Lemon_act.jpg
		Resources\Fanta_Lemon_dis.jpg = Resources\Fanta_Lemon_dis.jpg
		Resources\Fanta_Orange_act.jpg = Resources\Fanta_Orange_act.jpg
		Resources\Fanta_Orange_dis.jpg = Resources\Fanta_Orange_dis.jpg
		Resources\Jack_Daniel_s_Coca_Cola_act.jpg = Resources\Jack_Daniel_s_Coca_Cola_act.jpg
		Resources\Jack_Daniel_s_Coca_Cola_dis.jpg = Resources\Jack_Daniel_s_Coca_Cola_dis.jpg
	EndProjectSection
EndProject
Global
	GlobalSection(SolutionConfigurationPlatforms) = preSolution
		Debug|Any CPU = Debug|Any CPU
		Release|Any CPU = Release|Any CPU
	EndGlobalSection
	GlobalSection(ProjectConfigurationPlatforms) = postSolution
		{37EDBDAB-222A-4219-9E43-AA913D4B03FF}.Debug|Any CPU.ActiveCfg = Debug|Any CPU
		{37EDBDAB-222A-4219-9E43-AA913D4B03FF}.Debug|Any CPU.Build.0 = Debug|Any CPU
		{37EDBDAB-222A-4219-9E43-AA913D4B03FF}.Release|Any CPU.ActiveCfg = Release|Any CPU
		{37EDBDAB-222A-4219-9E43-AA913D4B03FF}.Release|Any CPU.Build.0 = Release|Any CPU
	EndGlobalSection
	GlobalSection(SolutionProperties) = preSolution
		HideSolutionNode = FALSE
	EndGlobalSection
	GlobalSection(ExtensibilityGlobals) = postSolution
		SolutionGuid = {9904893A-8044-417D-B443-7A6F6A091355}
	EndGlobalSection
EndGlobal
